// !$*UTF8*$!
{
	archiveVersion = 1;
	classes = {
	};
	objectVersion = 56;
	objects = {

/* Begin PBXBuildFile section */
		D9FC2A142B8F35E400067D0C /* LoadingSkeletonApp.swift in Sources */ = {isa = PBXBuildFile; fileRef = D9FC2A132B8F35E400067D0C /* LoadingSkeletonApp.swift */; };
		D9FC2A162B8F35E400067D0C /* JokeView.swift in Sources */ = {isa = PBXBuildFile; fileRef = D9FC2A152B8F35E400067D0C /* JokeView.swift */; };
		D9FC2A182B8F35E700067D0C /* Assets.xcassets in Resources */ = {isa = PBXBuildFile; fileRef = D9FC2A172B8F35E700067D0C /* Assets.xcassets */; };
		D9FC2A1B2B8F35E700067D0C /* Preview Assets.xcassets in Resources */ = {isa = PBXBuildFile; fileRef = D9FC2A1A2B8F35E700067D0C /* Preview Assets.xcassets */; };
		D9FC2A252B8F3A2C00067D0C /* Joke.swift in Sources */ = {isa = PBXBuildFile; fileRef = D9FC2A242B8F3A2C00067D0C /* Joke.swift */; };
		D9FC2A282B8F3ACC00067D0C /* APIManager.swift in Sources */ = {isa = PBXBuildFile; fileRef = D9FC2A272B8F3ACC00067D0C /* APIManager.swift */; };
		D9FC2A2A2B8F3AFF00067D0C /* APIError.swift in Sources */ = {isa = PBXBuildFile; fileRef = D9FC2A292B8F3AFE00067D0C /* APIError.swift */; };
		D9FC2A2C2B8F3B1700067D0C /* HTTPMethod.swift in Sources */ = {isa = PBXBuildFile; fileRef = D9FC2A2B2B8F3B1700067D0C /* HTTPMethod.swift */; };
		D9FC2A2E2B8F3B2C00067D0C /* APIConstants.swift in Sources */ = {isa = PBXBuildFile; fileRef = D9FC2A2D2B8F3B2C00067D0C /* APIConstants.swift */; };
		D9FC2A302B8F3C6500067D0C /* JokeViewModel.swift in Sources */ = {isa = PBXBuildFile; fileRef = D9FC2A2F2B8F3C6500067D0C /* JokeViewModel.swift */; };
/* End PBXBuildFile section */

/* Begin PBXFileReference section */
		D9FC2A102B8F35E400067D0C /* LoadingSkeleton.app */ = {isa = PBXFileReference; explicitFileType = wrapper.application; includeInIndex = 0; path = LoadingSkeleton.app; sourceTree = BUILT_PRODUCTS_DIR; };
		D9FC2A132B8F35E400067D0C /* LoadingSkeletonApp.swift */ = {isa = PBXFileReference; lastKnownFileType = sourcecode.swift; path = LoadingSkeletonApp.swift; sourceTree = "<group>"; };
		D9FC2A152B8F35E400067D0C /* JokeView.swift */ = {isa = PBXFileReference; lastKnownFileType = sourcecode.swift; path = JokeView.swift; sourceTree = "<group>"; };
		D9FC2A172B8F35E700067D0C /* Assets.xcassets */ = {isa = PBXFileReference; lastKnownFileType = folder.assetcatalog; path = Assets.xcassets; sourceTree = "<group>"; };
		D9FC2A1A2B8F35E700067D0C /* Preview Assets.xcassets */ = {isa = PBXFileReference; lastKnownFileType = folder.assetcatalog; path = "Preview Assets.xcassets"; sourceTree = "<group>"; };
		D9FC2A242B8F3A2C00067D0C /* Joke.swift */ = {isa = PBXFileReference; lastKnownFileType = sourcecode.swift; path = Joke.swift; sourceTree = "<group>"; };
		D9FC2A272B8F3ACC00067D0C /* APIManager.swift */ = {isa = PBXFileReference; lastKnownFileType = sourcecode.swift; path = APIManager.swift; sourceTree = "<group>"; };
		D9FC2A292B8F3AFE00067D0C /* APIError.swift */ = {isa = PBXFileReference; lastKnownFileType = sourcecode.swift; path = APIError.swift; sourceTree = "<group>"; };
		D9FC2A2B2B8F3B1700067D0C /* HTTPMethod.swift */ = {isa = PBXFileReference; lastKnownFileType = sourcecode.swift; path = HTTPMethod.swift; sourceTree = "<group>"; };
		D9FC2A2D2B8F3B2C00067D0C /* APIConstants.swift */ = {isa = PBXFileReference; lastKnownFileType = sourcecode.swift; path = APIConstants.swift; sourceTree = "<group>"; };
		D9FC2A2F2B8F3C6500067D0C /* JokeViewModel.swift */ = {isa = PBXFileReference; lastKnownFileType = sourcecode.swift; path = JokeViewModel.swift; sourceTree = "<group>"; };
/* End PBXFileReference section */

/* Begin PBXFrameworksBuildPhase section */
		D9FC2A0D2B8F35E400067D0C /* Frameworks */ = {
			isa = PBXFrameworksBuildPhase;
			buildActionMask = 2147483647;
			files = (
			);
			runOnlyForDeploymentPostprocessing = 0;
		};
/* End PBXFrameworksBuildPhase section */

/* Begin PBXGroup section */
		D9FC2A072B8F35E400067D0C = {
			isa = PBXGroup;
			children = (
				D9FC2A122B8F35E400067D0C /* LoadingSkeleton */,
				D9FC2A112B8F35E400067D0C /* Products */,
			);
			sourceTree = "<group>";
		};
		D9FC2A112B8F35E400067D0C /* Products */ = {
			isa = PBXGroup;
			children = (
				D9FC2A102B8F35E400067D0C /* LoadingSkeleton.app */,
			);
			name = Products;
			sourceTree = "<group>";
		};
		D9FC2A122B8F35E400067D0C /* LoadingSkeleton */ = {
			isa = PBXGroup;
			children = (
				D9FC2A132B8F35E400067D0C /* LoadingSkeletonApp.swift */,
				D9FC2A222B8F3A1C00067D0C /* Model */,
				D9FC2A212B8F3A1900067D0C /* View */,
				D9FC2A232B8F3A1E00067D0C /* ViewModel */,
				D9FC2A262B8F3AB100067D0C /* API */,
				D9FC2A172B8F35E700067D0C /* Assets.xcassets */,
				D9FC2A192B8F35E700067D0C /* Preview Content */,
			);
			path = LoadingSkeleton;
			sourceTree = "<group>";
		};
		D9FC2A192B8F35E700067D0C /* Preview Content */ = {
			isa = PBXGroup;
			children = (
				D9FC2A1A2B8F35E700067D0C /* Preview Assets.xcassets */,
			);
			path = "Preview Content";
			sourceTree = "<group>";
		};
		D9FC2A212B8F3A1900067D0C /* View */ = {
			isa = PBXGroup;
			children = (
				D9FC2A152B8F35E400067D0C /* JokeView.swift */,
			);
			path = View;
			sourceTree = "<group>";
		};
		D9FC2A222B8F3A1C00067D0C /* Model */ = {
			isa = PBXGroup;
			children = (
				D9FC2A242B8F3A2C00067D0C /* Joke.swift */,
			);
			path = Model;
			sourceTree = "<group>";
		};
		D9FC2A232B8F3A1E00067D0C /* ViewModel */ = {
			isa = PBXGroup;
			children = (
				D9FC2A2F2B8F3C6500067D0C /* JokeViewModel.swift */,
			);
			path = ViewModel;
			sourceTree = "<group>";
		};
		D9FC2A262B8F3AB100067D0C /* API */ = {
			isa = PBXGroup;
			children = (
				D9FC2A272B8F3ACC00067D0C /* APIManager.swift */,
				D9FC2A292B8F3AFE00067D0C /* APIError.swift */,
				D9FC2A2B2B8F3B1700067D0C /* HTTPMethod.swift */,
				D9FC2A2D2B8F3B2C00067D0C /* APIConstants.swift */,
			);
			path = API;
			sourceTree = "<group>";
		};
/* End PBXGroup section */

/* Begin PBXNativeTarget section */
		D9FC2A0F2B8F35E400067D0C /* LoadingSkeleton */ = {
			isa = PBXNativeTarget;
			buildConfigurationList = D9FC2A1E2B8F35E700067D0C /* Build configuration list for PBXNativeTarget "LoadingSkeleton" */;
			buildPhases = (
				D9FC2A0C2B8F35E400067D0C /* Sources */,
				D9FC2A0D2B8F35E400067D0C /* Frameworks */,
				D9FC2A0E2B8F35E400067D0C /* Resources */,
			);
			buildRules = (
			);
			dependencies = (
			);
			name = LoadingSkeleton;
			productName = LoadingSkeleton;
			productReference = D9FC2A102B8F35E400067D0C /* LoadingSkeleton.app */;
			productType = "com.apple.product-type.application";
		};
/* End PBXNativeTarget section */

/* Begin PBXProject section */
		D9FC2A082B8F35E400067D0C /* Project object */ = {
			isa = PBXProject;
			attributes = {
				BuildIndependentTargetsInParallel = 1;
				LastSwiftUpdateCheck = 1520;
				LastUpgradeCheck = 1520;
				TargetAttributes = {
					D9FC2A0F2B8F35E400067D0C = {
						CreatedOnToolsVersion = 15.2;
					};
				};
			};
			buildConfigurationList = D9FC2A0B2B8F35E400067D0C /* Build configuration list for PBXProject "LoadingSkeleton" */;
			compatibilityVersion = "Xcode 14.0";
			developmentRegion = en;
			hasScannedForEncodings = 0;
			knownRegions = (
				en,
				Base,
			);
			mainGroup = D9FC2A072B8F35E400067D0C;
			productRefGroup = D9FC2A112B8F35E400067D0C /* Products */;
			projectDirPath = "";
			projectRoot = "";
			targets = (
				D9FC2A0F2B8F35E400067D0C /* LoadingSkeleton */,
			);
		};
/* End PBXProject section */

/* Begin PBXResourcesBuildPhase section */
		D9FC2A0E2B8F35E400067D0C /* Resources */ = {
			isa = PBXResourcesBuildPhase;
			buildActionMask = 2147483647;
			files = (
				D9FC2A1B2B8F35E700067D0C /* Preview Assets.xcassets in Resources */,
				D9FC2A182B8F35E700067D0C /* Assets.xcassets in Resources */,
			);
			runOnlyForDeploymentPostprocessing = 0;
		};
/* End PBXResourcesBuildPhase section */

/* Begin PBXSourcesBuildPhase section */
		D9FC2A0C2B8F35E400067D0C /* Sources */ = {
			isa = PBXSourcesBuildPhase;
			buildActionMask = 2147483647;
			files = (
				D9FC2A282B8F3ACC00067D0C /* APIManager.swift in Sources */,
				D9FC2A2E2B8F3B2C00067D0C /* APIConstants.swift in Sources */,
				D9FC2A162B8F35E400067D0C /* JokeView.swift in Sources */,
				D9FC2A302B8F3C6500067D0C /* JokeViewModel.swift in Sources */,
				D9FC2A2C2B8F3B1700067D0C /* HTTPMethod.swift in Sources */,
				D9FC2A142B8F35E400067D0C /* LoadingSkeletonApp.swift in Sources */,
				D9FC2A2A2B8F3AFF00067D0C /* APIError.swift in Sources */,
				D9FC2A252B8F3A2C00067D0C /* Joke.swift in Sources */,
			);
			runOnlyForDeploymentPostprocessing = 0;
		};
/* End PBXSourcesBuildPhase section */

/* Begin XCBuildConfiguration section */
		D9FC2A1C2B8F35E700067D0C /* Debug */ = {
			isa = XCBuildConfiguration;
			buildSettings = {
				ALWAYS_SEARCH_USER_PATHS = NO;
				ASSETCATALOG_COMPILER_GENERATE_SWIFT_ASSET_SYMBOL_EXTENSIONS = YES;
				CLANG_ANALYZER_NONNULL = YES;
				CLANG_ANALYZER_NUMBER_OBJECT_CONVERSION = YES_AGGRESSIVE;
				CLANG_CXX_LANGUAGE_STANDARD = "gnu++20";
				CLANG_ENABLE_MODULES = YES;
				CLANG_ENABLE_OBJC_ARC = YES;
				CLANG_ENABLE_OBJC_WEAK = YES;
				CLANG_WARN_BLOCK_CAPTURE_AUTORELEASING = YES;
				CLANG_WARN_BOOL_CONVERSION = YES;
				CLANG_WARN_COMMA = YES;
				CLANG_WARN_CONSTANT_CONVERSION = YES;
				CLANG_WARN_DEPRECATED_OBJC_IMPLEMENTATIONS = YES;
				CLANG_WARN_DIRECT_OBJC_ISA_USAGE = YES_ERROR;
				CLANG_WARN_DOCUMENTATION_COMMENTS = YES;
				CLANG_WARN_EMPTY_BODY = YES;
				CLANG_WARN_ENUM_CONVERSION = YES;
				CLANG_WARN_INFINITE_RECURSION = YES;
				CLANG_WARN_INT_CONVERSION = YES;
				CLANG_WARN_NON_LITERAL_NULL_CONVERSION = YES;
				CLANG_WARN_OBJC_IMPLICIT_RETAIN_SELF = YES;
				CLANG_WARN_OBJC_LITERAL_CONVERSION = YES;
				CLANG_WARN_OBJC_ROOT_CLASS = YES_ERROR;
				CLANG_WARN_QUOTED_INCLUDE_IN_FRAMEWORK_HEADER = YES;
				CLANG_WARN_RANGE_LOOP_ANALYSIS = YES;
				CLANG_WARN_STRICT_PROTOTYPES = YES;
				CLANG_WARN_SUSPICIOUS_MOVE = YES;
				CLANG_WARN_UNGUARDED_AVAILABILITY = YES_AGGRESSIVE;
				CLANG_WARN_UNREACHABLE_CODE = YES;
				CLANG_WARN__DUPLICATE_METHOD_MATCH = YES;
				COPY_PHASE_STRIP = NO;
				DEBUG_INFORMATION_FORMAT = dwarf;
				ENABLE_STRICT_OBJC_MSGSEND = YES;
				ENABLE_TESTABILITY = YES;
				ENABLE_USER_SCRIPT_SANDBOXING = YES;
				GCC_C_LANGUAGE_STANDARD = gnu17;
				GCC_DYNAMIC_NO_PIC = NO;
				GCC_NO_COMMON_BLOCKS = YES;
				GCC_OPTIMIZATION_LEVEL = 0;
				GCC_PREPROCESSOR_DEFINITIONS = (
					"DEBUG=1",
					"$(inherited)",
				);
				GCC_WARN_64_TO_32_BIT_CONVERSION = YES;
				GCC_WARN_ABOUT_RETURN_TYPE = YES_ERROR;
				GCC_WARN_UNDECLARED_SELECTOR = YES;
				GCC_WARN_UNINITIALIZED_AUTOS = YES_AGGRESSIVE;
				GCC_WARN_UNUSED_FUNCTION = YES;
				GCC_WARN_UNUSED_VARIABLE = YES;
				IPHONEOS_DEPLOYMENT_TARGET = 17.2;
				LOCALIZATION_PREFERS_STRING_CATALOGS = YES;
				MTL_ENABLE_DEBUG_INFO = INCLUDE_SOURCE;
				MTL_FAST_MATH = YES;
				ONLY_ACTIVE_ARCH = YES;
				SDKROOT = iphoneos;
				SWIFT_ACTIVE_COMPILATION_CONDITIONS = "DEBUG $(inherited)";
				SWIFT_OPTIMIZATION_LEVEL = "-Onone";
			};
			name = Debug;
		};
		D9FC2A1D2B8F35E700067D0C /* Release */ = {
			isa = XCBuildConfiguration;
			buildSettings = {
				ALWAYS_SEARCH_USER_PATHS = NO;
				ASSETCATALOG_COMPILER_GENERATE_SWIFT_ASSET_SYMBOL_EXTENSIONS = YES;
				CLANG_ANALYZER_NONNULL = YES;
				CLANG_ANALYZER_NUMBER_OBJECT_CONVERSION = YES_AGGRESSIVE;
				CLANG_CXX_LANGUAGE_STANDARD = "gnu++20";
				CLANG_ENABLE_MODULES = YES;
				CLANG_ENABLE_OBJC_ARC = YES;
				CLANG_ENABLE_OBJC_WEAK = YES;
				CLANG_WARN_BLOCK_CAPTURE_AUTORELEASING = YES;
				CLANG_WARN_BOOL_CONVERSION = YES;
				CLANG_WARN_COMMA = YES;
				CLANG_WARN_CONSTANT_CONVERSION = YES;
				CLANG_WARN_DEPRECATED_OBJC_IMPLEMENTATIONS = YES;
				CLANG_WARN_DIRECT_OBJC_ISA_USAGE = YES_ERROR;
				CLANG_WARN_DOCUMENTATION_COMMENTS = YES;
				CLANG_WARN_EMPTY_BODY = YES;
				CLANG_WARN_ENUM_CONVERSION = YES;
				CLANG_WARN_INFINITE_RECURSION = YES;
				CLANG_WARN_INT_CONVERSION = YES;
				CLANG_WARN_NON_LITERAL_NULL_CONVERSION = YES;
				CLANG_WARN_OBJC_IMPLICIT_RETAIN_SELF = YES;
				CLANG_WARN_OBJC_LITERAL_CONVERSION = YES;
				CLANG_WARN_OBJC_ROOT_CLASS = YES_ERROR;
				CLANG_WARN_QUOTED_INCLUDE_IN_FRAMEWORK_HEADER = YES;
				CLANG_WARN_RANGE_LOOP_ANALYSIS = YES;
				CLANG_WARN_STRICT_PROTOTYPES = YES;
				CLANG_WARN_SUSPICIOUS_MOVE = YES;
				CLANG_WARN_UNGUARDED_AVAILABILITY = YES_AGGRESSIVE;
				CLANG_WARN_UNREACHABLE_CODE = YES;
				CLANG_WARN__DUPLICATE_METHOD_MATCH = YES;
				COPY_PHASE_STRIP = NO;
				DEBUG_INFORMATION_FORMAT = "dwarf-with-dsym";
				ENABLE_NS_ASSERTIONS = NO;
				ENABLE_STRICT_OBJC_MSGSEND = YES;
				ENABLE_USER_SCRIPT_SANDBOXING = YES;
				GCC_C_LANGUAGE_STANDARD = gnu17;
				GCC_NO_COMMON_BLOCKS = YES;
				GCC_WARN_64_TO_32_BIT_CONVERSION = YES;
				GCC_WARN_ABOUT_RETURN_TYPE = YES_ERROR;
				GCC_WARN_UNDECLARED_SELECTOR = YES;
				GCC_WARN_UNINITIALIZED_AUTOS = YES_AGGRESSIVE;
				GCC_WARN_UNUSED_FUNCTION = YES;
				GCC_WARN_UNUSED_VARIABLE = YES;
				IPHONEOS_DEPLOYMENT_TARGET = 17.2;
				LOCALIZATION_PREFERS_STRING_CATALOGS = YES;
				MTL_ENABLE_DEBUG_INFO = NO;
				MTL_FAST_MATH = YES;
				SDKROOT = iphoneos;
				SWIFT_COMPILATION_MODE = wholemodule;
				VALIDATE_PRODUCT = YES;
			};
			name = Release;
		};
		D9FC2A1F2B8F35E700067D0C /* Debug */ = {
			isa = XCBuildConfiguration;
			buildSettings = {
				ASSETCATALOG_COMPILER_APPICON_NAME = AppIcon;
				ASSETCATALOG_COMPILER_GLOBAL_ACCENT_COLOR_NAME = AccentColor;
				CODE_SIGN_STYLE = Automatic;
				CURRENT_PROJECT_VERSION = 1;
				DEVELOPMENT_ASSET_PATHS = "\"LoadingSkeleton/Preview Content\"";
				DEVELOPMENT_TEAM = MG8DTPV84D;
				ENABLE_PREVIEWS = YES;
				GENERATE_INFOPLIST_FILE = YES;
				INFOPLIST_KEY_UIApplicationSceneManifest_Generation = YES;
				INFOPLIST_KEY_UIApplicationSupportsIndirectInputEvents = YES;
				INFOPLIST_KEY_UILaunchScreen_Generation = YES;
				INFOPLIST_KEY_UISupportedInterfaceOrientations_iPad = "UIInterfaceOrientationPortrait UIInterfaceOrientationPortraitUpsideDown UIInterfaceOrientationLandscapeLeft UIInterfaceOrientationLandscapeRight";
				INFOPLIST_KEY_UISupportedInterfaceOrientations_iPhone = "UIInterfaceOrientationPortrait UIInterfaceOrientationLandscapeLeft UIInterfaceOrientationLandscapeRight";
				LD_RUNPATH_SEARCH_PATHS = (
					"$(inherited)",
					"@executable_path/Frameworks",
				);
				MARKETING_VERSION = 1.0;
				PRODUCT_BUNDLE_IDENTIFIER = com.ThibaultGodefroy.LoadingSkeleton;
				PRODUCT_NAME = "$(TARGET_NAME)";
				SWIFT_EMIT_LOC_STRINGS = YES;
				SWIFT_VERSION = 5.0;
				TARGETED_DEVICE_FAMILY = "1,2";
			};
			name = Debug;
		};
		D9FC2A202B8F35E700067D0C /* Release */ = {
			isa = XCBuildConfiguration;
			buildSettings = {
				ASSETCATALOG_COMPILER_APPICON_NAME = AppIcon;
				ASSETCATALOG_COMPILER_GLOBAL_ACCENT_COLOR_NAME = AccentColor;
				CODE_SIGN_STYLE = Automatic;
				CURRENT_PROJECT_VERSION = 1;
				DEVELOPMENT_ASSET_PATHS = "\"LoadingSkeleton/Preview Content\"";
				DEVELOPMENT_TEAM = MG8DTPV84D;
				ENABLE_PREVIEWS = YES;
				GENERATE_INFOPLIST_FILE = YES;
				INFOPLIST_KEY_UIApplicationSceneManifest_Generation = YES;
				INFOPLIST_KEY_UIApplicationSupportsIndirectInputEvents = YES;
				INFOPLIST_KEY_UILaunchScreen_Generation = YES;
				INFOPLIST_KEY_UISupportedInterfaceOrientations_iPad = "UIInterfaceOrientationPortrait UIInterfaceOrientationPortraitUpsideDown UIInterfaceOrientationLandscapeLeft UIInterfaceOrientationLandscapeRight";
				INFOPLIST_KEY_UISupportedInterfaceOrientations_iPhone = "UIInterfaceOrientationPortrait UIInterfaceOrientationLandscapeLeft UIInterfaceOrientationLandscapeRight";
				LD_RUNPATH_SEARCH_PATHS = (
					"$(inherited)",
					"@executable_path/Frameworks",
				);
				MARKETING_VERSION = 1.0;
				PRODUCT_BUNDLE_IDENTIFIER = com.ThibaultGodefroy.LoadingSkeleton;
				PRODUCT_NAME = "$(TARGET_NAME)";
				SWIFT_EMIT_LOC_STRINGS = YES;
				SWIFT_VERSION = 5.0;
				TARGETED_DEVICE_FAMILY = "1,2";
			};
			name = Release;
		};
/* End XCBuildConfiguration section */

/* Begin XCConfigurationList section */
		D9FC2A0B2B8F35E400067D0C /* Build configuration list for PBXProject "LoadingSkeleton" */ = {
			isa = XCConfigurationList;
			buildConfigurations = (
				D9FC2A1C2B8F35E700067D0C /* Debug */,
				D9FC2A1D2B8F35E700067D0C /* Release */,
			);
			defaultConfigurationIsVisible = 0;
			defaultConfigurationName = Release;
		};
		D9FC2A1E2B8F35E700067D0C /* Build configuration list for PBXNativeTarget "LoadingSkeleton" */ = {
			isa = XCConfigurationList;
			buildConfigurations = (
				D9FC2A1F2B8F35E700067D0C /* Debug */,
				D9FC2A202B8F35E700067D0C /* Release */,
			);
			defaultConfigurationIsVisible = 0;
			defaultConfigurationName = Release;
		};
/* End XCConfigurationList section */
	};
	rootObject = D9FC2A082B8F35E400067D0C /* Project object */;
}
